
Microsoft Visual Studio Solution File, Format Version 12.00
# Visual Studio Version 17
VisualStudioVersion = 17.1.32421.90
MinimumVisualStudioVersion = 10.0.40219.1
Project("{FAE04EC0-301F-11D3-BF4B-00C04F79EFBC}") = "MiniSQLDerleyicisi", "MiniSQLDerleyicisi\MiniSQLDerleyicisi.csproj", "{42814A45-FE7B-4BA4-9D32-67CE9D4C2189}"
EndProject
Global
	GlobalSection(SolutionConfigurationPlatforms) = preSolution
		Debug|Any CPU = Debug|Any CPU
		Release|Any CPU = Release|Any CPU
	EndGlobalSection
	GlobalSection(ProjectConfigurationPlatforms) = postSolution
		{42814A45-FE7B-4BA4-9D32-67CE9D4C2189}.Debug|Any CPU.ActiveCfg = Debug|Any CPU
		{42814A45-FE7B-4BA4-9D32-67CE9D4C2189}.Debug|Any CPU.Build.0 = Debug|Any CPU
		{42814A45-FE7B-4BA4-9D32-67CE9D4C2189}.Release|Any CPU.ActiveCfg = Release|Any CPU
		{42814A45-FE7B-4BA4-9D32-67CE9D4C2189}.Release|Any CPU.Build.0 = Release|Any CPU
	EndGlobalSection
	GlobalSection(SolutionProperties) = preSolution
		HideSolutionNode = FALSE
	EndGlobalSection
	GlobalSection(ExtensibilityGlobals) = postSolution
		SolutionGuid = {4182AD08-7B3D-42D5-B73E-67888350C3EC}
	EndGlobalSection
EndGlobal
